<?xml version="1.0" encoding="utf-8"?>
<Project ToolsVersion="4.0" xmlns="http://schemas.microsoft.com/developer/msbuild/2003">
  <ItemGroup>
    <Filter Include="Header Files">
      <UniqueIdentifier>{ca2e57e9-edb1-4d42-a0f2-8dfcefa55785}</UniqueIdentifier>
    </Filter>
    <Filter Include="Source Files">
      <UniqueIdentifier>{3d6c3836-d457-4f5e-88bf-8f11ff69a1f7}</UniqueIdentifier>
    </Filter>
  </ItemGroup>
  <ItemGroup>
    <ClInclude Include="..\..\..\cocos2d-x-3.6\external\freetype-2.5.0.1\include\ft2build.h">
      <Filter>Header Files</Filter>
    </ClInclude>
    <ClInclude Include="..\..\..\cocos2d-x-3.6\external\freetype-2.5.0.1\include\freetype\config\ftconfig.h">
      <Filter>Header Files</Filter>
    </ClInclude>
    <ClInclude Include="..\..\..\cocos2d-x-3.6\external\freetype-2.5.0.1\include\freetype\config\ftheader.h">
      <Filter>Header Files</Filter>
    </ClInclude>
    <ClInclude Include="..\..\..\cocos2d-x-3.6\external\freetype-2.5.0.1\include\freetype\config\ftmodule.h">
      <Filter>Header Files</Filter>
    </ClInclude>
    <ClInclude Include="..\..\..\cocos2d-x-3.6\external\freetype-2.5.0.1\include\freetype\config\ftstdlib.h">
      <Filter>Header Files</Filter>
    </ClInclude>
    <ClInclude Include="..\..\..\cocos2d-x-3.6\external\freetype-2.5.0.1\include\freetype\config\ftoption.h">
      <Filter>Header Files</Filter>
    </ClInclude>
  </ItemGroup>
  <ItemGroup>
    <ClCompile Include="..\..\..\cocos2d-x-3.6\external\freetype-2.5.0.1\src\autofit\autofit.c">
      <Filter>Source Files</Filter>
    </ClCompile>
    <ClCompile Include="..\..\..\cocos2d-x-3.6\external\freetype-2.5.0.1\src\bdf\bdf.c">
      <Filter>Source Files</Filter>
    </ClCompile>
    <ClCompile Include="..\..\..\cocos2d-x-3.6\external\freetype-2.5.0.1\src\cff\cff.c">
      <Filter>Source Files</Filter>
    </ClCompile>
    <ClCompile Include="..\..\..\cocos2d-x-3.6\external\freetype-2.5.0.1\src\base\ftbase.c">
      <Filter>Source Files</Filter>
    </ClCompile>
    <ClCompile Include="..\..\..\cocos2d-x-3.6\external\freetype-2.5.0.1\src\base\ftbitmap.c">
      <Filter>Source Files</Filter>
    </ClCompile>
    <ClCompile Include="..\..\..\cocos2d-x-3.6\external\freetype-2.5.0.1\src\cache\ftcache.c">
      <Filter>Source Files</Filter>
    </ClCompile>
    <ClCompile Include="..\..\..\cocos2d-x-3.6\external\freetype-2.5.0.1\builds\win32\ftdebug.c">
      <Filter>Source Files</Filter>
    </ClCompile>
    <ClCompile Include="..\..\..\cocos2d-x-3.6\external\freetype-2.5.0.1\src\base\ftfstype.c">
      <Filter>Source Files</Filter>
    </ClCompile>
    <ClCompile Include="..\..\..\cocos2d-x-3.6\external\freetype-2.5.0.1\src\base\ftgasp.c">
      <Filter>Source Files</Filter>
    </ClCompile>
    <ClCompile Include="..\..\..\cocos2d-x-3.6\external\freetype-2.5.0.1\src\base\ftglyph.c">
      <Filter>Source Files</Filter>
    </ClCompile>
    <ClCompile Include="..\..\..\cocos2d-x-3.6\external\freetype-2.5.0.1\src\gzip\ftgzip.c">
      <Filter>Source Files</Filter>
    </ClCompile>
    <ClCompile Include="..\..\..\cocos2d-x-3.6\external\freetype-2.5.0.1\src\winfonts\winfnt.c">
      <Filter>Source Files</Filter>
    </ClCompile>
    <ClCompile Include="..\..\..\cocos2d-x-3.6\external\freetype-2.5.0.1\src\base\ftstroke.c">
      <Filter>Source Files</Filter>
    </ClCompile>
    <ClCompile Include="..\..\..\cocos2d-x-3.6\external\freetype-2.5.0.1\src\base\ftsynth.c">
      <Filter>Source Files</Filter>
    </ClCompile>
    <ClCompile Include="..\..\..\cocos2d-x-3.6\external\freetype-2.5.0.1\src\base\ftsystem.c">
      <Filter>Source Files</Filter>
    </ClCompile>
    <ClCompile Include="..\..\..\cocos2d-x-3.6\external\freetype-2.5.0.1\src\pcf\pcf.c">
      <Filter>Source Files</Filter>
    </ClCompile>
    <ClCompile Include="..\..\..\cocos2d-x-3.6\external\freetype-2.5.0.1\src\pfr\pfr.c">
      <Filter>Source Files</Filter>
    </ClCompile>
    <ClCompile Include="..\..\..\cocos2d-x-3.6\external\freetype-2.5.0.1\src\psaux\psaux.c">
      <Filter>Source Files</Filter>
    </ClCompile>
    <ClCompile Include="..\..\..\cocos2d-x-3.6\external\freetype-2.5.0.1\src\pshinter\pshinter.c">
      <Filter>Source Files</Filter>
    </ClCompile>
    <ClCompile Include="..\..\..\cocos2d-x-3.6\external\freetype-2.5.0.1\src\psnames\psnames.c">
      <Filter>Source Files</Filter>
    </ClCompile>
    <ClCompile Include="..\..\..\cocos2d-x-3.6\external\freetype-2.5.0.1\src\raster\raster.c">
      <Filter>Source Files</Filter>
    </ClCompile>
    <ClCompile Include="..\..\..\cocos2d-x-3.6\external\freetype-2.5.0.1\src\sfnt\sfnt.c">
      <Filter>Source Files</Filter>
    </ClCompile>
    <ClCompile Include="..\..\..\cocos2d-x-3.6\external\freetype-2.5.0.1\src\smooth\smooth.c">
      <Filter>Source Files</Filter>
    </ClCompile>
    <ClCompile Include="..\..\..\cocos2d-x-3.6\external\freetype-2.5.0.1\src\truetype\truetype.c">
      <Filter>Source Files</Filter>
    </ClCompile>
    <ClCompile Include="..\..\..\cocos2d-x-3.6\external\freetype-2.5.0.1\src\type1\type1.c">
      <Filter>Source Files</Filter>
    </ClCompile>
    <ClCompile Include="..\..\..\cocos2d-x-3.6\external\freetype-2.5.0.1\src\cid\type1cid.c">
      <Filter>Source Files</Filter>
    </ClCompile>
    <ClCompile Include="..\..\..\cocos2d-x-3.6\external\freetype-2.5.0.1\src\type42\type42.c">
      <Filter>Source Files</Filter>
    </ClCompile>
    <ClCompile Include="..\..\..\cocos2d-x-3.6\external\freetype-2.5.0.1\src\base\ftinit.c">
      <Filter>Source Files</Filter>
    </ClCompile>
    <ClCompile Include="..\..\..\cocos2d-x-3.6\external\freetype-2.5.0.1\src\lzw\ftlzw.c">
      <Filter>Source Files</Filter>
    </ClCompile>
  </ItemGroup>
</Project>